
Microsoft Visual Studio Solution File, Format Version 12.00
# Visual Studio 15
VisualStudioVersion = 15.0.27703.2000
MinimumVisualStudioVersion = 10.0.40219.1
Project("{FAE04EC0-301F-11D3-BF4B-00C04F79EFBC}") = "Ex03.ConsoleUI", "Ex03.ConsoleUI\Ex03.ConsoleUI.csproj", "{5686A72E-4516-4861-9A64-6637F96D6D0D}"
EndProject
Project("{FAE04EC0-301F-11D3-BF4B-00C04F79EFBC}") = "Ex03.GarageLogic", "Ex03.GarageLogic\Ex03.GarageLogic.csproj", "{DAF44709-48D3-4907-8B16-F3766667DE79}"
EndProject
Project("{2150E333-8FDC-42A3-9474-1A3956D46DE8}") = "Solution Items", "Solution Items", "{2D8C7A5D-6676-4495-AF46-93008A460A26}"
	ProjectSection(SolutionItems) = preProject
		B18 Ex03 Nadav 308426048 David 311338016.docx = B18 Ex03 Nadav 308426048 David 311338016.docx
		B18 Ex03 Nadav 308426048 David 311338016.txt = B18 Ex03 Nadav 308426048 David 311338016.txt
	EndProjectSection
EndProject
Global
	GlobalSection(SolutionConfigurationPlatforms) = preSolution
		Debug|Any CPU = Debug|Any CPU
		Release|Any CPU = Release|Any CPU
	EndGlobalSection
	GlobalSection(ProjectConfigurationPlatforms) = postSolution
		{5686A72E-4516-4861-9A64-6637F96D6D0D}.Debug|Any CPU.ActiveCfg = Debug|Any CPU
		{5686A72E-4516-4861-9A64-6637F96D6D0D}.Debug|Any CPU.Build.0 = Debug|Any CPU
		{5686A72E-4516-4861-9A64-6637F96D6D0D}.Release|Any CPU.ActiveCfg = Release|Any CPU
		{5686A72E-4516-4861-9A64-6637F96D6D0D}.Release|Any CPU.Build.0 = Release|Any CPU
		{DAF44709-48D3-4907-8B16-F3766667DE79}.Debug|Any CPU.ActiveCfg = Debug|Any CPU
		{DAF44709-48D3-4907-8B16-F3766667DE79}.Debug|Any CPU.Build.0 = Debug|Any CPU
		{DAF44709-48D3-4907-8B16-F3766667DE79}.Release|Any CPU.ActiveCfg = Release|Any CPU
		{DAF44709-48D3-4907-8B16-F3766667DE79}.Release|Any CPU.Build.0 = Release|Any CPU
	EndGlobalSection
	GlobalSection(SolutionProperties) = preSolution
		HideSolutionNode = FALSE
	EndGlobalSection
	GlobalSection(ExtensibilityGlobals) = postSolution
		SolutionGuid = {C0858245-67FA-49F2-BBA3-6F0222A008D9}
	EndGlobalSection
EndGlobal
